# THIS IS AN AUTOGENERATED FILE. DO NOT EDIT THIS FILE DIRECTLY.
# yarn lockfile v1


"@playwright/test@1.31.0":
  version "1.31.0"
  resolved "https://registry.yarnpkg.com/@playwright/test/-/test-1.31.0.tgz#bde42ca06804164be54893525110adda946248d6"
  integrity sha512-Ys5s/06Dg9g3zAIdCIb/UOBYim3U7Zjb3DvC6XBtnRmnglH5O47iwYzmtxXu9fhSyzI2Jn28apkXIOD81GgCdw==
  dependencies:
    "@types/node" "*"
    playwright-core "1.31.0"
  optionalDependencies:
    fsevents "2.3.2"

"@types/node@*", "@types/node@^26.6.4":
  version "26.6.4"
  resolved "https://registry.yarnpkg.com/@types/node/-/node-26.6.4.tgz#5aaac1a7337945f7f9a2de4e0d14e7107157e813"
  integrity sha512-ldVPDCzj7fsaGZrLB0NuHuTvJcsNasysBAqMolr/cgxrLd1xbqxIr3XJiPnHHJUCxj5sNF1vnRj9aWnrVh5Jcg==
  dependencies:
    undici-types "~8.9.0"

fsevents@2.3.2:
  version "2.3.2"
  resolved "https://registry.yarnpkg.com/fsevents/-/fsevents-2.3.2.tgz#8a526f78b8fdf4623b709e0b975c52c24c02fd1a"
  integrity sha512-xiqMQR4xAeHTuB9uWm+fFRcIOgKBMiOBP+eXiyT7jsgVCq1bkVygt00oASowB7EdtpOHaaPgKt812P9ab+DDKA==

playwright-core@1.31.0:
  version "1.31.0"
  resolved "https://registry.yarnpkg.com/playwright-core/-/playwright-core-1.31.0.tgz#dbd184771535e76c6743ef5c082def5564f07e85"
  integrity sha512-/KquBjS5DcASCh8cGeNVHuC0kyb7c9plKTwaKxgOGtxT7+DZO2fjmFvPDBSXslEIK5CeOO/2kk5rOCktFXKEdA==

undici-types@~8.9.0:
  version "8.9.0"
  resolved "https://registry.yarnpkg.com/undici-types/-/undici-types-8.9.0.tgz#e240d97c8b5d85e5347ce73d25865c7906c1ec9f"
  integrity sha512-KTDyRTYX8sWmKXAikPHHSyc63CRPETMctyjKFupcC6OBLXT3xsN0e9aF7m+mIXutFWpUXuedtowG7iLOzp0kQg==
